
Microsoft Visual Studio Solution File, Format Version 12.00
# Visual Studio 14
VisualStudioVersion = 14.0.23107.0
MinimumVisualStudioVersion = 10.0.40219.1
Project("{FAE04EC0-301F-11D3-BF4B-00C04F79EFBC}") = "Stroop", "Stroop\Stroop.csproj", "{CFE4D599-2BDF-4F26-9891-4CDFEA62ADCC}"
EndProject
Project("{F2A71F9B-5D33-465A-A702-920D77279786}") = "StroopUtil", "StroopUtil\StroopUtil.fsproj", "{945DE7BE-337D-4B2B-9913-A07A5CD2273B}"
EndProject
Global
	GlobalSection(SolutionConfigurationPlatforms) = preSolution
		Debug|Any CPU = Debug|Any CPU
		Release|Any CPU = Release|Any CPU
	EndGlobalSection
	GlobalSection(ProjectConfigurationPlatforms) = postSolution
		{CFE4D599-2BDF-4F26-9891-4CDFEA62ADCC}.Debug|Any CPU.ActiveCfg = Debug|Any CPU
		{CFE4D599-2BDF-4F26-9891-4CDFEA62ADCC}.Debug|Any CPU.Build.0 = Debug|Any CPU
		{CFE4D599-2BDF-4F26-9891-4CDFEA62ADCC}.Release|Any CPU.ActiveCfg = Release|Any CPU
		{CFE4D599-2BDF-4F26-9891-4CDFEA62ADCC}.Release|Any CPU.Build.0 = Release|Any CPU
		{945DE7BE-337D-4B2B-9913-A07A5CD2273B}.Debug|Any CPU.ActiveCfg = Debug|Any CPU
		{945DE7BE-337D-4B2B-9913-A07A5CD2273B}.Debug|Any CPU.Build.0 = Debug|Any CPU
		{945DE7BE-337D-4B2B-9913-A07A5CD2273B}.Release|Any CPU.ActiveCfg = Release|Any CPU
		{945DE7BE-337D-4B2B-9913-A07A5CD2273B}.Release|Any CPU.Build.0 = Release|Any CPU
	EndGlobalSection
	GlobalSection(SolutionProperties) = preSolution
		HideSolutionNode = FALSE
	EndGlobalSection
EndGlobal
